{
  "requires": true,
  "lockfileVersion": 1,
  "dependencies": {
    "mescroll-uni": {
      "version": "1.1.5",
      "resolved": "https://registry.npmjs.org/mescroll-uni/-/mescroll-uni-1.1.5.tgz",
      "integrity": "sha512-48pJmOHiJnRrCNtzVk2k9JAbYyRNoc0GADIjYrk2Qox26GUuxZ72w+KYvcuVm4pddTwMncB3Y6Sn3CjIurfVqg=="
    }
  }
}
